
Microsoft Visual Studio Solution File, Format Version 12.00
# Visual Studio Version 17
VisualStudioVersion = 17.9.34310.174
MinimumVisualStudioVersion = 10.0.40219.1
Project("{9A19103F-16F7-4668-BE54-9A1E7A4F7556}") = "Tavenem.DataStore", "Tavenem.DataStore.csproj", "{10A44B43-5F7E-43FE-BF54-233E2CDE1701}"
EndProject
Project("{2150E333-8FDC-42A3-9474-1A3956D46DE8}") = "Solution Items", "Solution Items", "{D1B63289-CC14-42ED-8B9D-BCD8799F2522}"
	ProjectSection(SolutionItems) = preProject
		..\.github\workflows\build.yml = ..\.github\workflows\build.yml
		..\docs\CHANGELOG.md = ..\docs\CHANGELOG.md
		..\docs\CODE_OF_CONDUCT.md = ..\docs\CODE_OF_CONDUCT.md
		..\docs\CONTRIBUTING.md = ..\docs\CONTRIBUTING.md
		..\Directory.Build.props = ..\Directory.Build.props
		..\.github\workflows\publish.yml = ..\.github\workflows\publish.yml
		..\README.md = ..\README.md
		..\version.json = ..\version.json
	EndProjectSection
EndProject
Project("{9A19103F-16F7-4668-BE54-9A1E7A4F7556}") = "Tavenem.DataStore.Test", "..\test\Tavenem.DataStore.Test.csproj", "{82B5CC27-AA4D-4673-9EBE-F098ADAD775E}"
EndProject
Global
	GlobalSection(SolutionConfigurationPlatforms) = preSolution
		Debug|Any CPU = Debug|Any CPU
		Release|Any CPU = Release|Any CPU
	EndGlobalSection
	GlobalSection(ProjectConfigurationPlatforms) = postSolution
		{10A44B43-5F7E-43FE-BF54-233E2CDE1701}.Debug|Any CPU.ActiveCfg = Debug|Any CPU
		{10A44B43-5F7E-43FE-BF54-233E2CDE1701}.Debug|Any CPU.Build.0 = Debug|Any CPU
		{10A44B43-5F7E-43FE-BF54-233E2CDE1701}.Release|Any CPU.ActiveCfg = Release|Any CPU
		{10A44B43-5F7E-43FE-BF54-233E2CDE1701}.Release|Any CPU.Build.0 = Release|Any CPU
		{82B5CC27-AA4D-4673-9EBE-F098ADAD775E}.Debug|Any CPU.ActiveCfg = Debug|Any CPU
		{82B5CC27-AA4D-4673-9EBE-F098ADAD775E}.Debug|Any CPU.Build.0 = Debug|Any CPU
		{82B5CC27-AA4D-4673-9EBE-F098ADAD775E}.Release|Any CPU.ActiveCfg = Release|Any CPU
		{82B5CC27-AA4D-4673-9EBE-F098ADAD775E}.Release|Any CPU.Build.0 = Release|Any CPU
	EndGlobalSection
	GlobalSection(SolutionProperties) = preSolution
		HideSolutionNode = FALSE
	EndGlobalSection
	GlobalSection(ExtensibilityGlobals) = postSolution
		SolutionGuid = {304569A3-8391-4281-91EA-AD4B5FEB1D9A}
	EndGlobalSection
EndGlobal
